
Microsoft Visual Studio Solution File, Format Version 12.00
# Visual Studio Version 17
VisualStudioVersion = 17.4.33213.308
MinimumVisualStudioVersion = 10.0.40219.1
Project("{8BC9CEB8-8B4A-11D0-8D11-00A0C91BC942}") = "Sorting Algorithm Practice", "Sorting Algorithm Practice.vcxproj", "{5AE7A226-A439-4D41-879B-B67F64030861}"
EndProject
Global
	GlobalSection(SolutionConfigurationPlatforms) = preSolution
		Debug|x64 = Debug|x64
		Debug|x86 = Debug|x86
		Release|x64 = Release|x64
		Release|x86 = Release|x86
	EndGlobalSection
	GlobalSection(ProjectConfigurationPlatforms) = postSolution
		{5AE7A226-A439-4D41-879B-B67F64030861}.Debug|x64.ActiveCfg = Debug|x64
		{5AE7A226-A439-4D41-879B-B67F64030861}.Debug|x64.Build.0 = Debug|x64
		{5AE7A226-A439-4D41-879B-B67F64030861}.Debug|x86.ActiveCfg = Debug|Win32
		{5AE7A226-A439-4D41-879B-B67F64030861}.Debug|x86.Build.0 = Debug|Win32
		{5AE7A226-A439-4D41-879B-B67F64030861}.Release|x64.ActiveCfg = Release|x64
		{5AE7A226-A439-4D41-879B-B67F64030861}.Release|x64.Build.0 = Release|x64
		{5AE7A226-A439-4D41-879B-B67F64030861}.Release|x86.ActiveCfg = Release|Win32
		{5AE7A226-A439-4D41-879B-B67F64030861}.Release|x86.Build.0 = Release|Win32
	EndGlobalSection
	GlobalSection(SolutionProperties) = preSolution
		HideSolutionNode = FALSE
	EndGlobalSection
	GlobalSection(ExtensibilityGlobals) = postSolution
		SolutionGuid = {D28898DC-ADCA-46EE-876E-929B8BB93AB5}
	EndGlobalSection
EndGlobal
